# THIS IS AN AUTOGENERATED FILE. DO NOT EDIT THIS FILE DIRECTLY.
# yarn lockfile v1


async-limiter@~1.0.0:
  version "1.0.0"
  resolved "https://registry.yarnpkg.com/async-limiter/-/async-limiter-1.0.0.tgz#78faed8c3d074ab81f22b4e985d79e8738f720f8"

async@^2.5.0:
  version "2.6.0"
  resolved "https://registry.yarnpkg.com/async/-/async-2.6.0.tgz#61a29abb6fcc026fea77e56d1c6ec53a795951f4"
  dependencies:
    lodash "^4.14.0"

discord-rich-presence@^0.0.6:
  version "0.0.6"
  resolved "https://registry.yarnpkg.com/discord-rich-presence/-/discord-rich-presence-0.0.6.tgz#5d55c648988bb92a0132ad72f8febf38b15b5d28"
  dependencies:
    discord-rpc "^3.0.0-beta.8"

discord-rpc@^3.0.0-beta.8:
  version "3.0.0-beta.9"
  resolved "https://registry.yarnpkg.com/discord-rpc/-/discord-rpc-3.0.0-beta.9.tgz#6257ccbb2a7712111b58871e875ef41857812d85"
  dependencies:
    discord.js "github:discordjs/discord.js"
    snekfetch "^3.5.8"

"discord.js@github:discordjs/discord.js":
  version "12.0.0-dev"
  resolved "https://codeload.github.com/discordjs/discord.js/tar.gz/513dbf2f689c7a1e4314c2141ae6dd4e7ebaaeea"
  dependencies:
    pako "^1.0.0"
    prism-media "^0.2.0"
    snekfetch "^3.6.0"
    tweetnacl "^1.0.0"
    ws "^4.0.0"

http-mitm-proxy@^0.6.1:
  version "0.6.1"
  resolved "https://registry.yarnpkg.com/http-mitm-proxy/-/http-mitm-proxy-0.6.1.tgz#231be8d13d4b9ca66105e1c430943ee1a7bafb4f"
  dependencies:
    async "^2.5.0"
    mkdirp "^0.5.1"
    node-forge "^0.7.1"
    optimist "^0.6.1"
    semaphore "^1.1.0"
    ws "^3.2.0"

lodash@^4.14.0:
  version "4.17.5"
  resolved "https://registry.yarnpkg.com/lodash/-/lodash-4.17.5.tgz#99a92d65c0272debe8c96b6057bc8fbfa3bed511"

minimist@0.0.8:
  version "0.0.8"
  resolved "https://registry.yarnpkg.com/minimist/-/minimist-0.0.8.tgz#857fcabfc3397d2625b8228262e86aa7a011b05d"

minimist@~0.0.1:
  version "0.0.10"
  resolved "https://registry.yarnpkg.com/minimist/-/minimist-0.0.10.tgz#de3f98543dbf96082be48ad1a0c7cda836301dcf"

mkdirp@^0.5.1:
  version "0.5.1"
  resolved "https://registry.yarnpkg.com/mkdirp/-/mkdirp-0.5.1.tgz#30057438eac6cf7f8c4767f38648d6697d75c903"
  dependencies:
    minimist "0.0.8"

node-forge@^0.7.1:
  version "0.7.4"
  resolved "https://registry.yarnpkg.com/node-forge/-/node-forge-0.7.4.tgz#8e6e9f563a1e32213aa7508cded22aa791dbf986"

optimist@^0.6.1:
  version "0.6.1"
  resolved "https://registry.yarnpkg.com/optimist/-/optimist-0.6.1.tgz#da3ea74686fa21a19a111c326e90eb15a0196686"
  dependencies:
    minimist "~0.0.1"
    wordwrap "~0.0.2"

pako@^1.0.0:
  version "1.0.6"
  resolved "https://registry.yarnpkg.com/pako/-/pako-1.0.6.tgz#0101211baa70c4bca4a0f63f2206e97b7dfaf258"

prism-media@^0.2.0:
  version "0.2.0"
  resolved "https://registry.yarnpkg.com/prism-media/-/prism-media-0.2.0.tgz#82c183da430c41c3025df3610a92a61b107b1918"

safe-buffer@~5.1.0:
  version "5.1.1"
  resolved "https://registry.yarnpkg.com/safe-buffer/-/safe-buffer-5.1.1.tgz#893312af69b2123def71f57889001671eeb2c853"

semaphore@^1.1.0:
  version "1.1.0"
  resolved "https://registry.yarnpkg.com/semaphore/-/semaphore-1.1.0.tgz#aaad8b86b20fe8e9b32b16dc2ee682a8cd26a8aa"

snekfetch@^3.5.8, snekfetch@^3.6.0:
  version "3.6.4"
  resolved "https://registry.yarnpkg.com/snekfetch/-/snekfetch-3.6.4.tgz#d13e80a616d892f3d38daae4289f4d258a645120"

tweetnacl@^1.0.0:
  version "1.0.0"
  resolved "https://registry.yarnpkg.com/tweetnacl/-/tweetnacl-1.0.0.tgz#713d8b818da42068740bf68386d0479e66fc8a7b"

ultron@~1.1.0:
  version "1.1.1"
  resolved "https://registry.yarnpkg.com/ultron/-/ultron-1.1.1.tgz#9fe1536a10a664a65266a1e3ccf85fd36302bc9c"

wordwrap@~0.0.2:
  version "0.0.3"
  resolved "https://registry.yarnpkg.com/wordwrap/-/wordwrap-0.0.3.tgz#a3d5da6cd5c0bc0008d37234bbaf1bed63059107"

ws@^3.2.0:
  version "3.3.3"
  resolved "https://registry.yarnpkg.com/ws/-/ws-3.3.3.tgz#f1cf84fe2d5e901ebce94efaece785f187a228f2"
  dependencies:
    async-limiter "~1.0.0"
    safe-buffer "~5.1.0"
    ultron "~1.1.0"

ws@^4.0.0:
  version "4.1.0"
  resolved "https://registry.yarnpkg.com/ws/-/ws-4.1.0.tgz#a979b5d7d4da68bf54efe0408967c324869a7289"
  dependencies:
    async-limiter "~1.0.0"
    safe-buffer "~5.1.0"
